# THIS IS AN AUTOGENERATED FILE. DO NOT EDIT THIS FILE DIRECTLY.
# yarn lockfile v1


animation-loops@2.0.4:
  version "2.0.4"
  resolved "https://registry.yarnpkg.com/animation-loops/-/animation-loops-2.0.4.tgz#a9a0f19450e70066862a37d37c833548a96617b3"
  integrity sha1-qaDxlFDnAGaGKjfTfIM1SKlmF7M=
  dependencies:
    bindpolyfill "0.0.0"
    raf "2.0.1"

animation-timer@^1.0.12:
  version "1.0.12"
  resolved "https://registry.yarnpkg.com/animation-timer/-/animation-timer-1.0.12.tgz#b3d25e6364e670c740dd728ceb084bf289f7ebac"
  integrity sha1-s9JeY2TmcMdA3XKM6whL8on366w=
  dependencies:
    animation-loops "2.0.4"
    bindpolyfill "0.0.0"
    foreach "~2.0.4"
    gm-is "~1.2.4"
    gm-parse-duration "~1.0.6"

array-move@^2.1.0:
  version "2.2.1"
  resolved "https://registry.yarnpkg.com/array-move/-/array-move-2.2.1.tgz#16d5b68cb949c43e8821d63e4622f3a3336f254d"
  integrity sha512-qQpEHBnVT6HAFgEVUwRdHVd8TYJThrZIT5wSXpEUTPwBaYhPLclw12mEpyUvRWVdl1VwPOqnIy6LqTFN3cSeUQ==

artnet@^1.4.0:
  version "1.4.0"
  resolved "https://registry.yarnpkg.com/artnet/-/artnet-1.4.0.tgz#8f00d8965acdc330486ce39fcc123c79e2ff7c45"
  integrity sha1-jwDYllrNwzBIbOOfzBI8eeL/fEU=

bindings@~1.5.0:
  version "1.5.0"
  resolved "https://registry.yarnpkg.com/bindings/-/bindings-1.5.0.tgz#10353c9e945334bc0511a6d90b38fbc7c9c504df"
  integrity sha512-p2q/t/mhvuOj/UeLlV6566GD/guowlr0hHxClI0W9m7MWYkL1F0hLo+0Aexs9HSPCtR1SXQ0TD3MMKrXZajbiQ==
  dependencies:
    file-uri-to-path "1.0.0"

bindpolyfill@0.0.0:
  version "0.0.0"
  resolved "https://registry.yarnpkg.com/bindpolyfill/-/bindpolyfill-0.0.0.tgz#b39c1ae5a5016dcb5812ac164e9bc7698ab944e3"
  integrity sha1-s5wa5aUBbctYEqwWTpvHaYq5ROM=

color-convert@^2.0.1:
  version "2.0.1"
  resolved "https://registry.yarnpkg.com/color-convert/-/color-convert-2.0.1.tgz#72d3a68d598c9bdb3af2ad1e84f21d896abd4de3"
  integrity sha512-RRECPsj7iu/xb5oKYcsFHSppFNnsj/52OVTRKb4zP5onXwVF3zVmmToNcOfGC+CRDpfK/U584fMg38ZHCaElKQ==
  dependencies:
    color-name "~1.1.4"

color-name@~1.1.4:
  version "1.1.4"
  resolved "https://registry.yarnpkg.com/color-name/-/color-name-1.1.4.tgz#c2a09a87acbde69543de6f63fa3995c826c536a2"
  integrity sha512-dOy+3AuW3a2wNbZHIuMZpTcgjGuLU/uBL/ubcZF9OXbDo8ff4O8yVp5Bf0efS8uEoYo5q4Fx7dY9OgQGXgAsQA==

easymidi@^1.0.2:
  version "1.0.3"
  resolved "https://registry.yarnpkg.com/easymidi/-/easymidi-1.0.3.tgz#085815f1f1128398d9b0929abb78ab30d900145f"
  integrity sha512-WkeJP8rLaYKdSyDlQ6PibqNHUCEVuLQoBIA99+NWrX07RxlQRYuNWhds0LyNSPQDGrh+5So4AL9Ii8eTQqmEng==
  dependencies:
    midi "^1.0.0"

file-uri-to-path@1.0.0:
  version "1.0.0"
  resolved "https://registry.yarnpkg.com/file-uri-to-path/-/file-uri-to-path-1.0.0.tgz#553a7b8446ff6f684359c445f1e37a05dacc33dd"
  integrity sha512-0Zt+s3L7Vf1biwWZ29aARiVYLx7iMGnEUl9x33fbB/j3jR81u/O2LbqK+Bm1CDSNDKVtJ/YjwY7TUd5SkeLQLw==

foreach@~2.0.4:
  version "2.0.5"
  resolved "https://registry.yarnpkg.com/foreach/-/foreach-2.0.5.tgz#0bee005018aeb260d0a3af3ae658dd0136ec1b99"
  integrity sha1-C+4AUBiusmDQo6865ljdATbsG5k=

functional-easing@^1.0.10:
  version "1.0.10"
  resolved "https://registry.yarnpkg.com/functional-easing/-/functional-easing-1.0.10.tgz#d4f33fff392e82878fc708968d2564100ae700f0"
  integrity sha1-1PM//zkugoePxwiWjSVkEArnAPA=
  dependencies:
    gm-is "~1.2.2"

gm-is@~1.2.2, gm-is@~1.2.4:
  version "1.2.4"
  resolved "https://registry.yarnpkg.com/gm-is/-/gm-is-1.2.4.tgz#ec1fd4a864ff8fd6ec1e9f44425950f2e05b0464"
  integrity sha1-7B/UqGT/j9bsHp9EQllQ8uBbBGQ=
  dependencies:
    foreach "~2.0.4"

gm-parse-duration@~1.0.6:
  version "1.0.6"
  resolved "https://registry.yarnpkg.com/gm-parse-duration/-/gm-parse-duration-1.0.6.tgz#18e48344ee8e00bba01d365ec94520b3b38ed7b6"
  integrity sha1-GOSDRO6OALugHTZeyUUgs7OO17Y=
  dependencies:
    gm-is "~1.2.2"

lerp@^1.0.3:
  version "1.0.3"
  resolved "https://registry.yarnpkg.com/lerp/-/lerp-1.0.3.tgz#a18c8968f917896de15ccfcc28d55a6b731e776e"
  integrity sha1-oYyJaPkXiW3hXM/MKNVaa3Med24=

midi@^1.0.0:
  version "1.0.0"
  resolved "https://registry.yarnpkg.com/midi/-/midi-1.0.0.tgz#3949c5b055fb30d84adcc8e0975572f8373873e0"
  integrity sha512-BL2xedtLEy2ExJujuvQQNs5Gz1aXv7/wpq3KKZ7FmmTvVfR3eC+OgiwtC+4+9IinsXfQnTNSOBrG2PAjMHi0ZQ==
  dependencies:
    bindings "~1.5.0"
    nan "^2.3.3"

nan@^2.3.3:
  version "2.14.0"
  resolved "https://registry.yarnpkg.com/nan/-/nan-2.14.0.tgz#7818f722027b2459a86f0295d434d1fc2336c52c"
  integrity sha512-INOFj37C7k3AfaNTtX8RhsTw7qRy7eLET14cROi9+5HAVbbHuIWUHEauBv5qT4Av2tWasiTY1Jw6puUNqRJXQg==

performance-now@~0.1.3:
  version "0.1.4"
  resolved "https://registry.yarnpkg.com/performance-now/-/performance-now-0.1.4.tgz#360b642f073ff8c2a693b3c38d7ccbc17b53183b"
  integrity sha1-NgtkLwc/+MKmk7PDjXzLwXtTGDs=

raf@2.0.1:
  version "2.0.1"
  resolved "https://registry.yarnpkg.com/raf/-/raf-2.0.1.tgz#c80667f652e139e02a87daf39fa7084c002886da"
  integrity sha1-yAZn9lLhOeAqh9rzn6cITAAohto=
  dependencies:
    performance-now "~0.1.3"
